// !$*UTF8*$!
{
	archiveVersion = 1;
	classes = {
	};
	objectVersion = 77;
	objects = {

/* Begin PBXBuildFile section */
		018404A257DACF9BBB535864 /* GranolapApp.swift in Sources */ = {isa = PBXBuildFile; fileRef = 2567F29A8531C2236572D526 /* GranolapApp.swift */; };
		0D5BE1452A34670BD1B5AA02 /* PermissionsView.swift in Sources */ = {isa = PBXBuildFile; fileRef = 47567E55F2B54776631ABB41 /* PermissionsView.swift */; };
		1590C5524C4356757ADA797A /* KeychainManager.swift in Sources */ = {isa = PBXBuildFile; fileRef = 593BFDDEE333B8565F48B89F /* KeychainManager.swift */; };
		30C1F7295F45471203C07962 /* MeetingStore.swift in Sources */ = {isa = PBXBuildFile; fileRef = EB5C1627D36F62C14E79C019 /* MeetingStore.swift */; };
		3BCA29A7A9285AF73B1FD356 /* AppTheme.swift in Sources */ = {isa = PBXBuildFile; fileRef = 01D0B7D77CEE03D7ED3E94AA /* AppTheme.swift */; };
		3C660330D1268E69ABD5A51D /* NotificationManager.swift in Sources */ = {isa = PBXBuildFile; fileRef = E8D6C0E70B8837D7AC9A3752 /* NotificationManager.swift */; };
		4D548974EDF587F4B2E151E9 /* NotesController.swift in Sources */ = {isa = PBXBuildFile; fileRef = 4E84BC2FCD785FA39987893A /* NotesController.swift */; };
		4EBA620CBB7713FDD7193605 /* MainView.swift in Sources */ = {isa = PBXBuildFile; fileRef = CFEFA22BDCEFF6E65DFD23E2 /* MainView.swift */; };
		57940B50B91E2506047627ED /* GenerationPillView.swift in Sources */ = {isa = PBXBuildFile; fileRef = 0E078575B0C8CB2FA2C111F5 /* GenerationPillView.swift */; };
		5FF4A10DF10E4E5203CD5E22 /* StatusBarController.swift in Sources */ = {isa = PBXBuildFile; fileRef = 727E731F865B0998FAD8525C /* StatusBarController.swift */; };
		67B7C39B893D124270D5CA14 /* AppDelegate.swift in Sources */ = {isa = PBXBuildFile; fileRef = 65596BF3340813388E278D0B /* AppDelegate.swift */; };
		6EE5AFE459215D33A41E28E6 /* Models.swift in Sources */ = {isa = PBXBuildFile; fileRef = E385A3889BC3CD92436A4042 /* Models.swift */; };
		819959824CE5FAA81C7EC962 /* RecorderController.swift in Sources */ = {isa = PBXBuildFile; fileRef = 4DD0458EDC9FF05174EC8779 /* RecorderController.swift */; };
		85E40CEA560D82FC979104E8 /* ClaudeNotesGenerator.swift in Sources */ = {isa = PBXBuildFile; fileRef = E81A3FFC08E3D020CE21155A /* ClaudeNotesGenerator.swift */; };
		9DBAE48B2C752EB5E7D6F6B4 /* RecorderView.swift in Sources */ = {isa = PBXBuildFile; fileRef = 91C9751AA228FF8B33D984AC /* RecorderView.swift */; };
		9F5BD14689E37911C11D06FB /* NotesGenerator.swift in Sources */ = {isa = PBXBuildFile; fileRef = 1F2ADF39BD1D3C39D49AD0AB /* NotesGenerator.swift */; };
		A06DD70B4B8C1B2566CCA3B7 /* NotesView.swift in Sources */ = {isa = PBXBuildFile; fileRef = DC777687A4938394A0C81EAA /* NotesView.swift */; };
		AA581A9909A5A57771BCE4C9 /* AppController.swift in Sources */ = {isa = PBXBuildFile; fileRef = 3BAF211FD9CE9CB79BDEFC25 /* AppController.swift */; };
		B5688087C3A42390A481C89E /* SettingsView.swift in Sources */ = {isa = PBXBuildFile; fileRef = 0AEBE0EA2D0AE616C7591254 /* SettingsView.swift */; };
		BFA3D961D8207CCE0F66BF66 /* WhisperKitTranscriber.swift in Sources */ = {isa = PBXBuildFile; fileRef = 641BA5DC6D13F30AA300B171 /* WhisperKitTranscriber.swift */; };
		C9304C99928236C2E54D78A8 /* KeyboardShortcutNames.swift in Sources */ = {isa = PBXBuildFile; fileRef = E38B7C61EEE1070E492C53FE /* KeyboardShortcutNames.swift */; };
		D4E7F5AF34ECF9F4E678388C /* Transcriber.swift in Sources */ = {isa = PBXBuildFile; fileRef = 9AFD8C81DE4704432BCE5E9E /* Transcriber.swift */; };
		E0B9C910614EAD732DA75D5F /* KeyboardShortcuts in Frameworks */ = {isa = PBXBuildFile; productRef = EB85C371E6AAE50ADF89F775 /* KeyboardShortcuts */; };
		EE5C09EAD88450E4617658DE /* DropdownView.swift in Sources */ = {isa = PBXBuildFile; fileRef = 894CB4810C63AAC950E25B76 /* DropdownView.swift */; };
		FE5CBE407AF1765E72FBE684 /* AudioCaptureManager.swift in Sources */ = {isa = PBXBuildFile; fileRef = 92D86F6A66CCB983F84AB446 /* AudioCaptureManager.swift */; };
/* End PBXBuildFile section */

/* Begin PBXFileReference section */
		01D0B7D77CEE03D7ED3E94AA /* AppTheme.swift */ = {isa = PBXFileReference; lastKnownFileType = sourcecode.swift; path = AppTheme.swift; sourceTree = "<group>"; };
		09403BDCED5E2B7B99A8BA18 /* Granolap.entitlements */ = {isa = PBXFileReference; lastKnownFileType = text.plist.entitlements; path = Granolap.entitlements; sourceTree = "<group>"; };
		0AEBE0EA2D0AE616C7591254 /* SettingsView.swift */ = {isa = PBXFileReference; lastKnownFileType = sourcecode.swift; path = SettingsView.swift; sourceTree = "<group>"; };
		0D9374D7C379133C0E3EDAC5 /* Granolap.app */ = {isa = PBXFileReference; explicitFileType = wrapper.application; includeInIndex = 0; path = Granolap.app; sourceTree = BUILT_PRODUCTS_DIR; };
		0E078575B0C8CB2FA2C111F5 /* GenerationPillView.swift */ = {isa = PBXFileReference; lastKnownFileType = sourcecode.swift; path = GenerationPillView.swift; sourceTree = "<group>"; };
		1F2ADF39BD1D3C39D49AD0AB /* NotesGenerator.swift */ = {isa = PBXFileReference; lastKnownFileType = sourcecode.swift; path = NotesGenerator.swift; sourceTree = "<group>"; };
		2567F29A8531C2236572D526 /* GranolapApp.swift */ = {isa = PBXFileReference; lastKnownFileType = sourcecode.swift; path = GranolapApp.swift; sourceTree = "<group>"; };
		3BAF211FD9CE9CB79BDEFC25 /* AppController.swift */ = {isa = PBXFileReference; lastKnownFileType = sourcecode.swift; path = AppController.swift; sourceTree = "<group>"; };
		47567E55F2B54776631ABB41 /* PermissionsView.swift */ = {isa = PBXFileReference; lastKnownFileType = sourcecode.swift; path = PermissionsView.swift; sourceTree = "<group>"; };
		4DD0458EDC9FF05174EC8779 /* RecorderController.swift */ = {isa = PBXFileReference; lastKnownFileType = sourcecode.swift; path = RecorderController.swift; sourceTree = "<group>"; };
		4E84BC2FCD785FA39987893A /* NotesController.swift */ = {isa = PBXFileReference; lastKnownFileType = sourcecode.swift; path = NotesController.swift; sourceTree = "<group>"; };
		593BFDDEE333B8565F48B89F /* KeychainManager.swift */ = {isa = PBXFileReference; lastKnownFileType = sourcecode.swift; path = KeychainManager.swift; sourceTree = "<group>"; };
		63FC8E2EC490CDC7451F5988 /* Info.plist */ = {isa = PBXFileReference; lastKnownFileType = text.plist; path = Info.plist; sourceTree = "<group>"; };
		641BA5DC6D13F30AA300B171 /* WhisperKitTranscriber.swift */ = {isa = PBXFileReference; lastKnownFileType = sourcecode.swift; path = WhisperKitTranscriber.swift; sourceTree = "<group>"; };
		65596BF3340813388E278D0B /* AppDelegate.swift */ = {isa = PBXFileReference; lastKnownFileType = sourcecode.swift; path = AppDelegate.swift; sourceTree = "<group>"; };
		727E731F865B0998FAD8525C /* StatusBarController.swift */ = {isa = PBXFileReference; lastKnownFileType = sourcecode.swift; path = StatusBarController.swift; sourceTree = "<group>"; };
		894CB4810C63AAC950E25B76 /* DropdownView.swift */ = {isa = PBXFileReference; lastKnownFileType = sourcecode.swift; path = DropdownView.swift; sourceTree = "<group>"; };
		91C9751AA228FF8B33D984AC /* RecorderView.swift */ = {isa = PBXFileReference; lastKnownFileType = sourcecode.swift; path = RecorderView.swift; sourceTree = "<group>"; };
		92D86F6A66CCB983F84AB446 /* AudioCaptureManager.swift */ = {isa = PBXFileReference; lastKnownFileType = sourcecode.swift; path = AudioCaptureManager.swift; sourceTree = "<group>"; };
		9AFD8C81DE4704432BCE5E9E /* Transcriber.swift */ = {isa = PBXFileReference; lastKnownFileType = sourcecode.swift; path = Transcriber.swift; sourceTree = "<group>"; };
		CFEFA22BDCEFF6E65DFD23E2 /* MainView.swift */ = {isa = PBXFileReference; lastKnownFileType = sourcecode.swift; path = MainView.swift; sourceTree = "<group>"; };
		DC777687A4938394A0C81EAA /* NotesView.swift */ = {isa = PBXFileReference; lastKnownFileType = sourcecode.swift; path = NotesView.swift; sourceTree = "<group>"; };
		E385A3889BC3CD92436A4042 /* Models.swift */ = {isa = PBXFileReference; lastKnownFileType = sourcecode.swift; path = Models.swift; sourceTree = "<group>"; };
		E38B7C61EEE1070E492C53FE /* KeyboardShortcutNames.swift */ = {isa = PBXFileReference; lastKnownFileType = sourcecode.swift; path = KeyboardShortcutNames.swift; sourceTree = "<group>"; };
		E81A3FFC08E3D020CE21155A /* ClaudeNotesGenerator.swift */ = {isa = PBXFileReference; lastKnownFileType = sourcecode.swift; path = ClaudeNotesGenerator.swift; sourceTree = "<group>"; };
		E8D6C0E70B8837D7AC9A3752 /* NotificationManager.swift */ = {isa = PBXFileReference; lastKnownFileType = sourcecode.swift; path = NotificationManager.swift; sourceTree = "<group>"; };
		EB5C1627D36F62C14E79C019 /* MeetingStore.swift */ = {isa = PBXFileReference; lastKnownFileType = sourcecode.swift; path = MeetingStore.swift; sourceTree = "<group>"; };
/* End PBXFileReference section */

/* Begin PBXFrameworksBuildPhase section */
		D85C75F8D8431DF11D92B891 /* Frameworks */ = {
			isa = PBXFrameworksBuildPhase;
			buildActionMask = 2147483647;
			files = (
				E0B9C910614EAD732DA75D5F /* KeyboardShortcuts in Frameworks */,
			);
			runOnlyForDeploymentPostprocessing = 0;
		};
/* End PBXFrameworksBuildPhase section */

/* Begin PBXGroup section */
		0B1745E118071F2F899503DA /* Theme */ = {
			isa = PBXGroup;
			children = (
				01D0B7D77CEE03D7ED3E94AA /* AppTheme.swift */,
			);
			path = Theme;
			sourceTree = "<group>";
		};
		1D3C0B6F5BBD8BED915703A8 /* Resources */ = {
			isa = PBXGroup;
			children = (
			);
			path = Resources;
			sourceTree = "<group>";
		};
		23BE32D73464ED66E63C58CB /* Views */ = {
			isa = PBXGroup;
			children = (
				2F4CF8EB210598B2C0D822FF /* Dropdown */,
				D3F726C19C42BE0B21BE5374 /* Generation */,
				90BD2AB4E3A714C663D6A997 /* Main */,
				39871F72BF42863BE2BDBFBF /* Notes */,
				F5A4203F45C6F1C0D1674F10 /* Permissions */,
				FE39B8FCBEFA2115A81235CC /* Recorder */,
				354EADF79CB7A18B2F375611 /* Settings */,
			);
			path = Views;
			sourceTree = "<group>";
		};
		2B9EEBAC94AC10777C05D1A9 /* Keychain */ = {
			isa = PBXGroup;
			children = (
				593BFDDEE333B8565F48B89F /* KeychainManager.swift */,
			);
			path = Keychain;
			sourceTree = "<group>";
		};
		2F4CF8EB210598B2C0D822FF /* Dropdown */ = {
			isa = PBXGroup;
			children = (
				894CB4810C63AAC950E25B76 /* DropdownView.swift */,
			);
			path = Dropdown;
			sourceTree = "<group>";
		};
		30D02B94DE6ABEFED5896870 /* Transcription */ = {
			isa = PBXGroup;
			children = (
				9AFD8C81DE4704432BCE5E9E /* Transcriber.swift */,
				641BA5DC6D13F30AA300B171 /* WhisperKitTranscriber.swift */,
			);
			path = Transcription;
			sourceTree = "<group>";
		};
		354EADF79CB7A18B2F375611 /* Settings */ = {
			isa = PBXGroup;
			children = (
				0AEBE0EA2D0AE616C7591254 /* SettingsView.swift */,
			);
			path = Settings;
			sourceTree = "<group>";
		};
		39871F72BF42863BE2BDBFBF /* Notes */ = {
			isa = PBXGroup;
			children = (
				DC777687A4938394A0C81EAA /* NotesView.swift */,
			);
			path = Notes;
			sourceTree = "<group>";
		};
		504D1ABDD654D8285F4E2899 /* Audio */ = {
			isa = PBXGroup;
			children = (
				92D86F6A66CCB983F84AB446 /* AudioCaptureManager.swift */,
			);
			path = Audio;
			sourceTree = "<group>";
		};
		51CA3E887F5AF3D64C71AB85 /* Core */ = {
			isa = PBXGroup;
			children = (
				504D1ABDD654D8285F4E2899 /* Audio */,
				2B9EEBAC94AC10777C05D1A9 /* Keychain */,
				FF155469B2D922D49AD8D272 /* LLM */,
				E5BA1E427854B5DB7FFFDA8C /* Notifications */,
				D1599C839DB7EFDDE8A5F44F /* Storage */,
				30D02B94DE6ABEFED5896870 /* Transcription */,
			);
			path = Core;
			sourceTree = "<group>";
		};
		77A33026CEDE5B46FA9D1068 = {
			isa = PBXGroup;
			children = (
				8BF9DACD1382E1BE5131F890 /* Granolap */,
				81055007A6E7FE45CF4B4E39 /* Products */,
			);
			sourceTree = "<group>";
		};
		81055007A6E7FE45CF4B4E39 /* Products */ = {
			isa = PBXGroup;
			children = (
				0D9374D7C379133C0E3EDAC5 /* Granolap.app */,
			);
			name = Products;
			sourceTree = "<group>";
		};
		8BF9DACD1382E1BE5131F890 /* Granolap */ = {
			isa = PBXGroup;
			children = (
				D2555A165DCEBD55C3CA11D1 /* App */,
				51CA3E887F5AF3D64C71AB85 /* Core */,
				1D3C0B6F5BBD8BED915703A8 /* Resources */,
				0B1745E118071F2F899503DA /* Theme */,
				23BE32D73464ED66E63C58CB /* Views */,
				09403BDCED5E2B7B99A8BA18 /* Granolap.entitlements */,
				63FC8E2EC490CDC7451F5988 /* Info.plist */,
			);
			path = Granolap;
			sourceTree = "<group>";
		};
		90BD2AB4E3A714C663D6A997 /* Main */ = {
			isa = PBXGroup;
			children = (
				CFEFA22BDCEFF6E65DFD23E2 /* MainView.swift */,
			);
			path = Main;
			sourceTree = "<group>";
		};
		D1599C839DB7EFDDE8A5F44F /* Storage */ = {
			isa = PBXGroup;
			children = (
				EB5C1627D36F62C14E79C019 /* MeetingStore.swift */,
				E385A3889BC3CD92436A4042 /* Models.swift */,
			);
			path = Storage;
			sourceTree = "<group>";
		};
		D2555A165DCEBD55C3CA11D1 /* App */ = {
			isa = PBXGroup;
			children = (
				3BAF211FD9CE9CB79BDEFC25 /* AppController.swift */,
				65596BF3340813388E278D0B /* AppDelegate.swift */,
				2567F29A8531C2236572D526 /* GranolapApp.swift */,
				E38B7C61EEE1070E492C53FE /* KeyboardShortcutNames.swift */,
				4E84BC2FCD785FA39987893A /* NotesController.swift */,
				4DD0458EDC9FF05174EC8779 /* RecorderController.swift */,
				727E731F865B0998FAD8525C /* StatusBarController.swift */,
			);
			path = App;
			sourceTree = "<group>";
		};
		D3F726C19C42BE0B21BE5374 /* Generation */ = {
			isa = PBXGroup;
			children = (
				0E078575B0C8CB2FA2C111F5 /* GenerationPillView.swift */,
			);
			path = Generation;
			sourceTree = "<group>";
		};
		E5BA1E427854B5DB7FFFDA8C /* Notifications */ = {
			isa = PBXGroup;
			children = (
				E8D6C0E70B8837D7AC9A3752 /* NotificationManager.swift */,
			);
			path = Notifications;
			sourceTree = "<group>";
		};
		F5A4203F45C6F1C0D1674F10 /* Permissions */ = {
			isa = PBXGroup;
			children = (
				47567E55F2B54776631ABB41 /* PermissionsView.swift */,
			);
			path = Permissions;
			sourceTree = "<group>";
		};
		FE39B8FCBEFA2115A81235CC /* Recorder */ = {
			isa = PBXGroup;
			children = (
				91C9751AA228FF8B33D984AC /* RecorderView.swift */,
			);
			path = Recorder;
			sourceTree = "<group>";
		};
		FF155469B2D922D49AD8D272 /* LLM */ = {
			isa = PBXGroup;
			children = (
				E81A3FFC08E3D020CE21155A /* ClaudeNotesGenerator.swift */,
				1F2ADF39BD1D3C39D49AD0AB /* NotesGenerator.swift */,
			);
			path = LLM;
			sourceTree = "<group>";
		};
/* End PBXGroup section */

/* Begin PBXNativeTarget section */
		88E41671029F0BF9F65E3BE9 /* Granolap */ = {
			isa = PBXNativeTarget;
			buildConfigurationList = A05ACBA58374951B7F3BB090 /* Build configuration list for PBXNativeTarget "Granolap" */;
			buildPhases = (
				0B3433B7EF725F44004239C1 /* Sources */,
				D85C75F8D8431DF11D92B891 /* Frameworks */,
			);
			buildRules = (
			);
			dependencies = (
			);
			name = Granolap;
			packageProductDependencies = (
				EB85C371E6AAE50ADF89F775 /* KeyboardShortcuts */,
			);
			productName = Granolap;
			productReference = 0D9374D7C379133C0E3EDAC5 /* Granolap.app */;
			productType = "com.apple.product-type.application";
		};
/* End PBXNativeTarget section */

/* Begin PBXProject section */
		996D18DB01D47E54271D10E3 /* Project object */ = {
			isa = PBXProject;
			attributes = {
				BuildIndependentTargetsInParallel = YES;
				LastUpgradeCheck = 1430;
				TargetAttributes = {
					88E41671029F0BF9F65E3BE9 = {
						DevelopmentTeam = "";
					};
				};
			};
			buildConfigurationList = 8B5DB8F55E061A339B7DD7D8 /* Build configuration list for PBXProject "Granolap" */;
			developmentRegion = en;
			hasScannedForEncodings = 0;
			knownRegions = (
				Base,
				en,
			);
			mainGroup = 77A33026CEDE5B46FA9D1068;
			minimizedProjectReferenceProxies = 1;
			packageReferences = (
				CA2F588E749FAD799A3157E8 /* XCRemoteSwiftPackageReference "KeyboardShortcuts" */,
			);
			preferredProjectObjectVersion = 77;
			productRefGroup = 81055007A6E7FE45CF4B4E39 /* Products */;
			projectDirPath = "";
			projectRoot = "";
			targets = (
				88E41671029F0BF9F65E3BE9 /* Granolap */,
			);
		};
/* End PBXProject section */

/* Begin PBXSourcesBuildPhase section */
		0B3433B7EF725F44004239C1 /* Sources */ = {
			isa = PBXSourcesBuildPhase;
			buildActionMask = 2147483647;
			files = (
				AA581A9909A5A57771BCE4C9 /* AppController.swift in Sources */,
				67B7C39B893D124270D5CA14 /* AppDelegate.swift in Sources */,
				3BCA29A7A9285AF73B1FD356 /* AppTheme.swift in Sources */,
				FE5CBE407AF1765E72FBE684 /* AudioCaptureManager.swift in Sources */,
				85E40CEA560D82FC979104E8 /* ClaudeNotesGenerator.swift in Sources */,
				EE5C09EAD88450E4617658DE /* DropdownView.swift in Sources */,
				57940B50B91E2506047627ED /* GenerationPillView.swift in Sources */,
				018404A257DACF9BBB535864 /* GranolapApp.swift in Sources */,
				C9304C99928236C2E54D78A8 /* KeyboardShortcutNames.swift in Sources */,
				1590C5524C4356757ADA797A /* KeychainManager.swift in Sources */,
				4EBA620CBB7713FDD7193605 /* MainView.swift in Sources */,
				30C1F7295F45471203C07962 /* MeetingStore.swift in Sources */,
				6EE5AFE459215D33A41E28E6 /* Models.swift in Sources */,
				4D548974EDF587F4B2E151E9 /* NotesController.swift in Sources */,
				9F5BD14689E37911C11D06FB /* NotesGenerator.swift in Sources */,
				A06DD70B4B8C1B2566CCA3B7 /* NotesView.swift in Sources */,
				3C660330D1268E69ABD5A51D /* NotificationManager.swift in Sources */,
				0D5BE1452A34670BD1B5AA02 /* PermissionsView.swift in Sources */,
				819959824CE5FAA81C7EC962 /* RecorderController.swift in Sources */,
				9DBAE48B2C752EB5E7D6F6B4 /* RecorderView.swift in Sources */,
				B5688087C3A42390A481C89E /* SettingsView.swift in Sources */,
				5FF4A10DF10E4E5203CD5E22 /* StatusBarController.swift in Sources */,
				D4E7F5AF34ECF9F4E678388C /* Transcriber.swift in Sources */,
				BFA3D961D8207CCE0F66BF66 /* WhisperKitTranscriber.swift in Sources */,
			);
			runOnlyForDeploymentPostprocessing = 0;
		};
/* End PBXSourcesBuildPhase section */

/* Begin XCBuildConfiguration section */
		0D39EAB33EB750CB38268DBA /* Release */ = {
			isa = XCBuildConfiguration;
			buildSettings = {
				ASSETCATALOG_COMPILER_APPICON_NAME = AppIcon;
				CODE_SIGN_ENTITLEMENTS = Granolap/Granolap.entitlements;
				CODE_SIGN_IDENTITY = "-";
				COMBINE_HIDPI_IMAGES = YES;
				DEVELOPMENT_TEAM = "";
				ENABLE_HARDENED_RUNTIME = YES;
				INFOPLIST_FILE = Granolap/Info.plist;
				LD_RUNPATH_SEARCH_PATHS = (
					"$(inherited)",
					"@executable_path/../Frameworks",
				);
				MACOSX_DEPLOYMENT_TARGET = 14.0;
				PRODUCT_BUNDLE_IDENTIFIER = com.granolap.Granolap;
				SDKROOT = macosx;
				SWIFT_STRICT_CONCURRENCY = minimal;
				SWIFT_VERSION = 5.0;
			};
			name = Release;
		};
		3A4D6D31C111BA3EB59F9717 /* Debug */ = {
			isa = XCBuildConfiguration;
			buildSettings = {
				ALWAYS_SEARCH_USER_PATHS = NO;
				CLANG_ANALYZER_NONNULL = YES;
				CLANG_ANALYZER_NUMBER_OBJECT_CONVERSION = YES_AGGRESSIVE;
				CLANG_CXX_LANGUAGE_STANDARD = "gnu++14";
				CLANG_CXX_LIBRARY = "libc++";
				CLANG_ENABLE_MODULES = YES;
				CLANG_ENABLE_OBJC_ARC = YES;
				CLANG_ENABLE_OBJC_WEAK = YES;
				CLANG_WARN_BLOCK_CAPTURE_AUTORELEASING = YES;
				CLANG_WARN_BOOL_CONVERSION = YES;
				CLANG_WARN_COMMA = YES;
				CLANG_WARN_CONSTANT_CONVERSION = YES;
				CLANG_WARN_DEPRECATED_OBJC_IMPLEMENTATIONS = YES;
				CLANG_WARN_DIRECT_OBJC_ISA_USAGE = YES_ERROR;
				CLANG_WARN_DOCUMENTATION_COMMENTS = YES;
				CLANG_WARN_EMPTY_BODY = YES;
				CLANG_WARN_ENUM_CONVERSION = YES;
				CLANG_WARN_INFINITE_RECURSION = YES;
				CLANG_WARN_INT_CONVERSION = YES;
				CLANG_WARN_NON_LITERAL_NULL_CONVERSION = YES;
				CLANG_WARN_OBJC_IMPLICIT_RETAIN_SELF = YES;
				CLANG_WARN_OBJC_LITERAL_CONVERSION = YES;
				CLANG_WARN_OBJC_ROOT_CLASS = YES_ERROR;
				CLANG_WARN_QUOTED_INCLUDE_IN_FRAMEWORK_HEADER = YES;
				CLANG_WARN_RANGE_LOOP_ANALYSIS = YES;
				CLANG_WARN_STRICT_PROTOTYPES = YES;
				CLANG_WARN_SUSPICIOUS_MOVE = YES;
				CLANG_WARN_UNGUARDED_AVAILABILITY = YES_AGGRESSIVE;
				CLANG_WARN_UNREACHABLE_CODE = YES;
				CLANG_WARN__DUPLICATE_METHOD_MATCH = YES;
				COPY_PHASE_STRIP = NO;
				DEBUG_INFORMATION_FORMAT = dwarf;
				ENABLE_STRICT_OBJC_MSGSEND = YES;
				ENABLE_TESTABILITY = YES;
				GCC_C_LANGUAGE_STANDARD = gnu11;
				GCC_DYNAMIC_NO_PIC = NO;
				GCC_NO_COMMON_BLOCKS = YES;
				GCC_OPTIMIZATION_LEVEL = 0;
				GCC_PREPROCESSOR_DEFINITIONS = (
					"$(inherited)",
					"DEBUG=1",
				);
				GCC_WARN_64_TO_32_BIT_CONVERSION = YES;
				GCC_WARN_ABOUT_RETURN_TYPE = YES_ERROR;
				GCC_WARN_UNDECLARED_SELECTOR = YES;
				GCC_WARN_UNINITIALIZED_AUTOS = YES_AGGRESSIVE;
				GCC_WARN_UNUSED_FUNCTION = YES;
				GCC_WARN_UNUSED_VARIABLE = YES;
				MACOSX_DEPLOYMENT_TARGET = 14.0;
				MTL_ENABLE_DEBUG_INFO = INCLUDE_SOURCE;
				MTL_FAST_MATH = YES;
				ONLY_ACTIVE_ARCH = YES;
				PRODUCT_NAME = "$(TARGET_NAME)";
				SDKROOT = macosx;
				SWIFT_ACTIVE_COMPILATION_CONDITIONS = DEBUG;
				SWIFT_OPTIMIZATION_LEVEL = "-Onone";
				SWIFT_VERSION = 5.0;
			};
			name = Debug;
		};
		B024B0B39566E6507AA16054 /* Debug */ = {
			isa = XCBuildConfiguration;
			buildSettings = {
				ASSETCATALOG_COMPILER_APPICON_NAME = AppIcon;
				CODE_SIGN_ENTITLEMENTS = Granolap/Granolap.entitlements;
				CODE_SIGN_IDENTITY = "-";
				COMBINE_HIDPI_IMAGES = YES;
				DEVELOPMENT_TEAM = "";
				ENABLE_HARDENED_RUNTIME = YES;
				INFOPLIST_FILE = Granolap/Info.plist;
				LD_RUNPATH_SEARCH_PATHS = (
					"$(inherited)",
					"@executable_path/../Frameworks",
				);
				MACOSX_DEPLOYMENT_TARGET = 14.0;
				PRODUCT_BUNDLE_IDENTIFIER = com.granolap.Granolap;
				SDKROOT = macosx;
				SWIFT_STRICT_CONCURRENCY = minimal;
				SWIFT_VERSION = 5.0;
			};
			name = Debug;
		};
		BD582CAEDC155301463E2042 /* Release */ = {
			isa = XCBuildConfiguration;
			buildSettings = {
				ALWAYS_SEARCH_USER_PATHS = NO;
				CLANG_ANALYZER_NONNULL = YES;
				CLANG_ANALYZER_NUMBER_OBJECT_CONVERSION = YES_AGGRESSIVE;
				CLANG_CXX_LANGUAGE_STANDARD = "gnu++14";
				CLANG_CXX_LIBRARY = "libc++";
				CLANG_ENABLE_MODULES = YES;
				CLANG_ENABLE_OBJC_ARC = YES;
				CLANG_ENABLE_OBJC_WEAK = YES;
				CLANG_WARN_BLOCK_CAPTURE_AUTORELEASING = YES;
				CLANG_WARN_BOOL_CONVERSION = YES;
				CLANG_WARN_COMMA = YES;
				CLANG_WARN_CONSTANT_CONVERSION = YES;
				CLANG_WARN_DEPRECATED_OBJC_IMPLEMENTATIONS = YES;
				CLANG_WARN_DIRECT_OBJC_ISA_USAGE = YES_ERROR;
				CLANG_WARN_DOCUMENTATION_COMMENTS = YES;
				CLANG_WARN_EMPTY_BODY = YES;
				CLANG_WARN_ENUM_CONVERSION = YES;
				CLANG_WARN_INFINITE_RECURSION = YES;
				CLANG_WARN_INT_CONVERSION = YES;
				CLANG_WARN_NON_LITERAL_NULL_CONVERSION = YES;
				CLANG_WARN_OBJC_IMPLICIT_RETAIN_SELF = YES;
				CLANG_WARN_OBJC_LITERAL_CONVERSION = YES;
				CLANG_WARN_OBJC_ROOT_CLASS = YES_ERROR;
				CLANG_WARN_QUOTED_INCLUDE_IN_FRAMEWORK_HEADER = YES;
				CLANG_WARN_RANGE_LOOP_ANALYSIS = YES;
				CLANG_WARN_STRICT_PROTOTYPES = YES;
				CLANG_WARN_SUSPICIOUS_MOVE = YES;
				CLANG_WARN_UNGUARDED_AVAILABILITY = YES_AGGRESSIVE;
				CLANG_WARN_UNREACHABLE_CODE = YES;
				CLANG_WARN__DUPLICATE_METHOD_MATCH = YES;
				COPY_PHASE_STRIP = NO;
				DEBUG_INFORMATION_FORMAT = "dwarf-with-dsym";
				ENABLE_NS_ASSERTIONS = NO;
				ENABLE_STRICT_OBJC_MSGSEND = YES;
				GCC_C_LANGUAGE_STANDARD = gnu11;
				GCC_NO_COMMON_BLOCKS = YES;
				GCC_WARN_64_TO_32_BIT_CONVERSION = YES;
				GCC_WARN_ABOUT_RETURN_TYPE = YES_ERROR;
				GCC_WARN_UNDECLARED_SELECTOR = YES;
				GCC_WARN_UNINITIALIZED_AUTOS = YES_AGGRESSIVE;
				GCC_WARN_UNUSED_FUNCTION = YES;
				GCC_WARN_UNUSED_VARIABLE = YES;
				MACOSX_DEPLOYMENT_TARGET = 14.0;
				MTL_ENABLE_DEBUG_INFO = NO;
				MTL_FAST_MATH = YES;
				PRODUCT_NAME = "$(TARGET_NAME)";
				SDKROOT = macosx;
				SWIFT_COMPILATION_MODE = wholemodule;
				SWIFT_OPTIMIZATION_LEVEL = "-O";
				SWIFT_VERSION = 5.0;
			};
			name = Release;
		};
/* End XCBuildConfiguration section */

/* Begin XCConfigurationList section */
		8B5DB8F55E061A339B7DD7D8 /* Build configuration list for PBXProject "Granolap" */ = {
			isa = XCConfigurationList;
			buildConfigurations = (
				3A4D6D31C111BA3EB59F9717 /* Debug */,
				BD582CAEDC155301463E2042 /* Release */,
			);
			defaultConfigurationIsVisible = 0;
			defaultConfigurationName = Debug;
		};
		A05ACBA58374951B7F3BB090 /* Build configuration list for PBXNativeTarget "Granolap" */ = {
			isa = XCConfigurationList;
			buildConfigurations = (
				B024B0B39566E6507AA16054 /* Debug */,
				0D39EAB33EB750CB38268DBA /* Release */,
			);
			defaultConfigurationIsVisible = 0;
			defaultConfigurationName = Debug;
		};
/* End XCConfigurationList section */

/* Begin XCRemoteSwiftPackageReference section */
		CA2F588E749FAD799A3157E8 /* XCRemoteSwiftPackageReference "KeyboardShortcuts" */ = {
			isa = XCRemoteSwiftPackageReference;
			repositoryURL = "https://github.com/sindresorhus/KeyboardShortcuts";
			requirement = {
				kind = upToNextMajorVersion;
				minimumVersion = 2.0.0;
			};
		};
/* End XCRemoteSwiftPackageReference section */

/* Begin XCSwiftPackageProductDependency section */
		EB85C371E6AAE50ADF89F775 /* KeyboardShortcuts */ = {
			isa = XCSwiftPackageProductDependency;
			package = CA2F588E749FAD799A3157E8 /* XCRemoteSwiftPackageReference "KeyboardShortcuts" */;
			productName = KeyboardShortcuts;
		};
/* End XCSwiftPackageProductDependency section */
	};
	rootObject = 996D18DB01D47E54271D10E3 /* Project object */;
}
